
Microsoft Visual Studio Solution File, Format Version 12.00
# Visual Studio Version 16
VisualStudioVersion = 16.0.30320.27
MinimumVisualStudioVersion = 10.0.40219.1
Project("{9A19103F-16F7-4668-BE54-9A1E7A4F7556}") = "library_db", "library_db\library_db.csproj", "{F5F0FFCF-D0E2-41B3-9532-7E5E9C48B1EB}"
EndProject
Project("{FAE04EC0-301F-11D3-BF4B-00C04F79EFBC}") = "Web_library_db", "Web_library_db\Web_library_db.csproj", "{633C37C2-C795-44F9-AE79-14B31C5A9A14}"
EndProject
Global
	GlobalSection(SolutionConfigurationPlatforms) = preSolution
		Debug|Any CPU = Debug|Any CPU
		Release|Any CPU = Release|Any CPU
	EndGlobalSection
	GlobalSection(ProjectConfigurationPlatforms) = postSolution
		{F5F0FFCF-D0E2-41B3-9532-7E5E9C48B1EB}.Debug|Any CPU.ActiveCfg = Debug|Any CPU
		{F5F0FFCF-D0E2-41B3-9532-7E5E9C48B1EB}.Debug|Any CPU.Build.0 = Debug|Any CPU
		{F5F0FFCF-D0E2-41B3-9532-7E5E9C48B1EB}.Release|Any CPU.ActiveCfg = Release|Any CPU
		{F5F0FFCF-D0E2-41B3-9532-7E5E9C48B1EB}.Release|Any CPU.Build.0 = Release|Any CPU
		{633C37C2-C795-44F9-AE79-14B31C5A9A14}.Debug|Any CPU.ActiveCfg = Debug|Any CPU
		{633C37C2-C795-44F9-AE79-14B31C5A9A14}.Debug|Any CPU.Build.0 = Debug|Any CPU
		{633C37C2-C795-44F9-AE79-14B31C5A9A14}.Release|Any CPU.ActiveCfg = Release|Any CPU
		{633C37C2-C795-44F9-AE79-14B31C5A9A14}.Release|Any CPU.Build.0 = Release|Any CPU
	EndGlobalSection
	GlobalSection(SolutionProperties) = preSolution
		HideSolutionNode = FALSE
	EndGlobalSection
	GlobalSection(ExtensibilityGlobals) = postSolution
		SolutionGuid = {C2B1D8EB-2697-4F47-AD56-B13227FBE429}
	EndGlobalSection
EndGlobal
